{
  "lockfileVersion": 1,
  "workspaces": {
    "": {
      "name": "option-calculator",
      "devDependencies": {
        "@types/bun": "latest",
        "oxlint": "latest",
        "oxlint-tsgolint": "latest",
      },
      "peerDependencies": {
        "typescript": "^5",
      },
    },
  },
  "packages": {
    "@oxlint-tsgolint/darwin-arm64": ["@oxlint-tsgolint/darwin-arm64@0.2.1", "", { "os": "darwin", "cpu": "arm64" }, "sha512-1cjcZkgpkWTfkFx111weVsvlnDG3+a7Y3qei+VCbr55LwKTHSzGq9tVNakIHRJ6NZfX7bQKYU4yef3p6AKoteg=="],

    "@oxlint-tsgolint/darwin-x64": ["@oxlint-tsgolint/darwin-x64@0.2.1", "", { "os": "darwin", "cpu": "x64" }, "sha512-Copd7aMOmL0aPUCBZnZBG1nHXOVnZnHT02okUnkNdwNAWUJw7thnhHln5yX4iLfCA4cky7iF3XXIVl+CRI/siQ=="],

    "@oxlint-tsgolint/linux-arm64": ["@oxlint-tsgolint/linux-arm64@0.2.1", "", { "os": "linux", "cpu": "arm64" }, "sha512-MW6M2r/+cHbj01yKwRuQKwstKfY72wT/JCXI65rFPtRgN8JpuKUghOpaZpNs1oYfNNo308UTh41Dpfwl2k5weA=="],

    "@oxlint-tsgolint/linux-x64": ["@oxlint-tsgolint/linux-x64@0.2.1", "", { "os": "linux", "cpu": "x64" }, "sha512-OacFTtQ8gso1c1za6lWdczFWXXo6djc7CFF3uKLfKwd2aHDkyC50Izkmv7MHwfAFtFdqSLcJKhF2VPExDmjKHg=="],

    "@oxlint-tsgolint/win32-arm64": ["@oxlint-tsgolint/win32-arm64@0.2.1", "", { "os": "win32", "cpu": "arm64" }, "sha512-Fq/vJqT4PgEWWIRP7wYSfK3DU7eEG9eOVOvIo72T6wCUrnAKDQsyUzh5bOVbTxWj/ujAc6CT7+GxdpOEueK0bw=="],

    "@oxlint-tsgolint/win32-x64": ["@oxlint-tsgolint/win32-x64@0.2.1", "", { "os": "win32", "cpu": "x64" }, "sha512-Y6Fy4N7FCwxya+scCis+FokK5vWa9+Stb1Rw0x6VybhZpXFSGohBKmDTj6WUkoDyJ+Wl1FkArkAVQnoPP9uNRg=="],

    "@oxlint/darwin-arm64": ["@oxlint/darwin-arm64@1.23.0", "", { "os": "darwin", "cpu": "arm64" }, "sha512-sbxoftgEMKmZQO7O4wHR9Rs7MfiHa2UH2x4QJDoc4LXqSCsI4lUIJbFQ05vX+zOUbt7CQMPdxEzExd4DqeKY2w=="],

    "@oxlint/darwin-x64": ["@oxlint/darwin-x64@1.23.0", "", { "os": "darwin", "cpu": "x64" }, "sha512-PjByWr1TlwHQiOqEc8CPyXCT4wnujSK3n9l1m4un0Eh0uLJEDG5WM9tyDWOGuakC0Ika9/SMp0HDRg3ySchRRA=="],

    "@oxlint/linux-arm64-gnu": ["@oxlint/linux-arm64-gnu@1.23.0", "", { "os": "linux", "cpu": "arm64" }, "sha512-sWlCwQ6xKeKC08qU3SfozqpRGCLJiO/onPYFJKEHbjzHkFp+OubOacFaT4ePcka28jCU1TvQ7Gi5BVQRncr0Xg=="],

    "@oxlint/linux-arm64-musl": ["@oxlint/linux-arm64-musl@1.23.0", "", { "os": "linux", "cpu": "arm64" }, "sha512-MPkmSiezuVgjMbzDSkRhENdnb038JOI+OTpBrOho2crbCAuqSRvyFwkMRhncJGZskzo1yeKxrKXB8T83ofmSXw=="],

    "@oxlint/linux-x64-gnu": ["@oxlint/linux-x64-gnu@1.23.0", "", { "os": "linux", "cpu": "x64" }, "sha512-F6H9wmLfjBoNqtsgyg3P9abLnkVjNbCAnISKdRtDl7HvkMs4s/eU8np9+tSnqPeKOTBhkS+h/VSWgPGZTqIWQA=="],

    "@oxlint/linux-x64-musl": ["@oxlint/linux-x64-musl@1.23.0", "", { "os": "linux", "cpu": "x64" }, "sha512-Xra0Cow35mAku8mbUbviPRalTU4Ct6MXQ1Eue8GmN4HFkjosrNa5qfy7QkJBqzjiI+JdnHxPXwackGn92/XOQw=="],

    "@oxlint/win32-arm64": ["@oxlint/win32-arm64@1.23.0", "", { "os": "win32", "cpu": "arm64" }, "sha512-FR+I+uGD3eFzTfBw87QRr+Y1jBYil3TqPM0wkSvuf3gOJTEXAfSkh9QHCgQqrseW3HDW7YJJ8ty1+sU31H/N4g=="],

    "@oxlint/win32-x64": ["@oxlint/win32-x64@1.23.0", "", { "os": "win32", "cpu": "x64" }, "sha512-/oX0b26YIC1OgS5B+G8Ux1Vs/PIjOP4CBRzsPpYr0T+RoboJ3ZuV32bztLRggJKQqIlozcqiRo9fl/UMOMp8kQ=="],

    "@types/bun": ["@types/bun@1.3.0", "", { "dependencies": { "bun-types": "1.3.0" } }, "sha512-+lAGCYjXjip2qY375xX/scJeVRmZ5cY0wyHYyCYxNcdEXrQ4AOe3gACgd4iQ8ksOslJtW4VNxBJ8llUwc3a6AA=="],

    "@types/node": ["@types/node@24.8.1", "", { "dependencies": { "undici-types": "~7.14.0" } }, "sha512-alv65KGRadQVfVcG69MuB4IzdYVpRwMG/mq8KWOaoOdyY617P5ivaDiMCGOFDWD2sAn5Q0mR3mRtUOgm99hL9Q=="],

    "@types/react": ["@types/react@19.2.2", "", { "dependencies": { "csstype": "^3.0.2" } }, "sha512-6mDvHUFSjyT2B2yeNx2nUgMxh9LtOWvkhIU3uePn2I2oyNymUAX1NIsdgviM4CH+JSrp2D2hsMvJOkxY+0wNRA=="],

    "bun-types": ["bun-types@1.3.0", "", { "dependencies": { "@types/node": "*" }, "peerDependencies": { "@types/react": "^19" } }, "sha512-u8X0thhx+yJ0KmkxuEo9HAtdfgCBaM/aI9K90VQcQioAmkVp3SG3FkwWGibUFz3WdXAdcsqOcbU40lK7tbHdkQ=="],

    "csstype": ["csstype@3.1.3", "", {}, "sha512-M1uQkMl8rQK/szD0LNhtqxIPLpimGm8sOBwU7lLnCpSbTyY3yeU1Vc7l4KT5zT4s/yOxHH5O7tIuuLOCnLADRw=="],

    "oxlint": ["oxlint@1.23.0", "", { "optionalDependencies": { "@oxlint/darwin-arm64": "1.23.0", "@oxlint/darwin-x64": "1.23.0", "@oxlint/linux-arm64-gnu": "1.23.0", "@oxlint/linux-arm64-musl": "1.23.0", "@oxlint/linux-x64-gnu": "1.23.0", "@oxlint/linux-x64-musl": "1.23.0", "@oxlint/win32-arm64": "1.23.0", "@oxlint/win32-x64": "1.23.0" }, "peerDependencies": { "oxlint-tsgolint": ">=0.2.0" }, "optionalPeers": ["oxlint-tsgolint"], "bin": { "oxlint": "bin/oxlint", "oxc_language_server": "bin/oxc_language_server" } }, "sha512-cLVdSE7Bza8npm+PffU0oufs15+M5uSMbQn0k2fJCayWU0xqQ3dyA3w9tEk8lgNOk1j1VJEdYctz64Vik8VG1w=="],

    "oxlint-tsgolint": ["oxlint-tsgolint@0.2.1", "", { "optionalDependencies": { "@oxlint-tsgolint/darwin-arm64": "0.2.1", "@oxlint-tsgolint/darwin-x64": "0.2.1", "@oxlint-tsgolint/linux-arm64": "0.2.1", "@oxlint-tsgolint/linux-x64": "0.2.1", "@oxlint-tsgolint/win32-arm64": "0.2.1", "@oxlint-tsgolint/win32-x64": "0.2.1" }, "bin": { "tsgolint": "bin/tsgolint.js" } }, "sha512-Z5tZw9nilmLo+EukScIhGZSVRasjyCCUQrDlX5CoJNqbnv/mlo+mnTmiEN4cmJeKMwHSHSvgAaDn+0gfHAv24w=="],

    "typescript": ["typescript@5.9.3", "", { "bin": { "tsc": "bin/tsc", "tsserver": "bin/tsserver" } }, "sha512-jl1vZzPDinLr9eUt3J/t7V6FgNEw9QjvBPdysz9KfQDD41fQrC2Y4vKQdiaUpFT4bXlb1RHhLpp8wtm6M5TgSw=="],

    "undici-types": ["undici-types@7.14.0", "", {}, "sha512-QQiYxHuyZ9gQUIrmPo3IA+hUl4KYk8uSA7cHrcKd/l3p1OTpZcM0Tbp9x7FAtXdAYhlasd60ncPpgu6ihG6TOA=="],
  }
}
